
Microsoft Visual Studio Solution File, Format Version 12.00
# Visual Studio Version 16
VisualStudioVersion = 16.0.29613.14
MinimumVisualStudioVersion = 10.0.40219.1
Project("{FAE04EC0-301F-11D3-BF4B-00C04F79EFBC}") = "ex4", "ex4\ex4.csproj", "{DAE267EF-7867-411C-AFDF-11F1D427456B}"
EndProject
Global
	GlobalSection(SolutionConfigurationPlatforms) = preSolution
		Debug|Any CPU = Debug|Any CPU
		Release|Any CPU = Release|Any CPU
	EndGlobalSection
	GlobalSection(ProjectConfigurationPlatforms) = postSolution
		{DAE267EF-7867-411C-AFDF-11F1D427456B}.Debug|Any CPU.ActiveCfg = Debug|Any CPU
		{DAE267EF-7867-411C-AFDF-11F1D427456B}.Debug|Any CPU.Build.0 = Debug|Any CPU
		{DAE267EF-7867-411C-AFDF-11F1D427456B}.Release|Any CPU.ActiveCfg = Release|Any CPU
		{DAE267EF-7867-411C-AFDF-11F1D427456B}.Release|Any CPU.Build.0 = Release|Any CPU
	EndGlobalSection
	GlobalSection(SolutionProperties) = preSolution
		HideSolutionNode = FALSE
	EndGlobalSection
	GlobalSection(ExtensibilityGlobals) = postSolution
		SolutionGuid = {A0735982-5579-4A9A-8798-1BB9DF58946E}
	EndGlobalSection
EndGlobal
